
Microsoft Visual Studio Solution File, Format Version 12.00
# Visual Studio 15
VisualStudioVersion = 15.0.28307.645
MinimumVisualStudioVersion = 10.0.40219.1
Project("{FAE04EC0-301F-11D3-BF4B-00C04F79EFBC}") = "Benchmarking", "Benchmarking\Benchmarking.csproj", "{FA9376A3-24D9-478F-ADDA-5A33A379F86A}"
EndProject
Global
	GlobalSection(SolutionConfigurationPlatforms) = preSolution
		Debug|Any CPU = Debug|Any CPU
		Release|Any CPU = Release|Any CPU
	EndGlobalSection
	GlobalSection(ProjectConfigurationPlatforms) = postSolution
		{FA9376A3-24D9-478F-ADDA-5A33A379F86A}.Debug|Any CPU.ActiveCfg = Debug|Any CPU
		{FA9376A3-24D9-478F-ADDA-5A33A379F86A}.Debug|Any CPU.Build.0 = Debug|Any CPU
		{FA9376A3-24D9-478F-ADDA-5A33A379F86A}.Release|Any CPU.ActiveCfg = Release|Any CPU
		{FA9376A3-24D9-478F-ADDA-5A33A379F86A}.Release|Any CPU.Build.0 = Release|Any CPU
	EndGlobalSection
	GlobalSection(SolutionProperties) = preSolution
		HideSolutionNode = FALSE
	EndGlobalSection
	GlobalSection(ExtensibilityGlobals) = postSolution
		SolutionGuid = {15C5AF38-4E07-4AE7-B110-7C27CEAC99EE}
	EndGlobalSection
EndGlobal
